
Microsoft Visual Studio Solution File, Format Version 12.00
# Visual Studio Version 16
VisualStudioVersion = 16.0.32630.194
MinimumVisualStudioVersion = 10.0.40219.1
Project("{9A19103F-16F7-4668-BE54-9A1E7A4F7556}") = "Elevator", "Elevator\Elevator.csproj", "{96CBB545-8690-4602-BD31-E72910350848}"
EndProject
Project("{FAE04EC0-301F-11D3-BF4B-00C04F79EFBC}") = "Elevator.Tests", "Elevator.Tests\Elevator.Tests.csproj", "{6657E6B3-4438-4C1A-8AD6-764207774257}"
EndProject
Global
	GlobalSection(SolutionConfigurationPlatforms) = preSolution
		Debug|Any CPU = Debug|Any CPU
		Release|Any CPU = Release|Any CPU
	EndGlobalSection
	GlobalSection(ProjectConfigurationPlatforms) = postSolution
		{96CBB545-8690-4602-BD31-E72910350848}.Debug|Any CPU.ActiveCfg = Debug|Any CPU
		{96CBB545-8690-4602-BD31-E72910350848}.Debug|Any CPU.Build.0 = Debug|Any CPU
		{96CBB545-8690-4602-BD31-E72910350848}.Release|Any CPU.ActiveCfg = Release|Any CPU
		{96CBB545-8690-4602-BD31-E72910350848}.Release|Any CPU.Build.0 = Release|Any CPU
		{6657E6B3-4438-4C1A-8AD6-764207774257}.Debug|Any CPU.ActiveCfg = Debug|Any CPU
		{6657E6B3-4438-4C1A-8AD6-764207774257}.Debug|Any CPU.Build.0 = Debug|Any CPU
		{6657E6B3-4438-4C1A-8AD6-764207774257}.Release|Any CPU.ActiveCfg = Release|Any CPU
		{6657E6B3-4438-4C1A-8AD6-764207774257}.Release|Any CPU.Build.0 = Release|Any CPU
	EndGlobalSection
	GlobalSection(SolutionProperties) = preSolution
		HideSolutionNode = FALSE
	EndGlobalSection
	GlobalSection(ExtensibilityGlobals) = postSolution
		SolutionGuid = {B63184AE-156A-41D3-82FF-585675CCDF29}
	EndGlobalSection
EndGlobal
